
Microsoft Visual Studio Solution File, Format Version 12.00
# Visual Studio Version 16
VisualStudioVersion = 16.0.29613.14
MinimumVisualStudioVersion = 10.0.40219.1
Project("{FAE04EC0-301F-11D3-BF4B-00C04F79EFBC}") = "osuHtmlMpParser", "osuHtmlMpParser.csproj", "{EE78AD0B-F706-4888-A254-0C38F12C7557}"
EndProject
Global
	GlobalSection(SolutionConfigurationPlatforms) = preSolution
		Debug|Any CPU = Debug|Any CPU
		Release|Any CPU = Release|Any CPU
	EndGlobalSection
	GlobalSection(ProjectConfigurationPlatforms) = postSolution
		{EE78AD0B-F706-4888-A254-0C38F12C7557}.Debug|Any CPU.ActiveCfg = Debug|Any CPU
		{EE78AD0B-F706-4888-A254-0C38F12C7557}.Debug|Any CPU.Build.0 = Debug|Any CPU
		{EE78AD0B-F706-4888-A254-0C38F12C7557}.Release|Any CPU.ActiveCfg = Release|Any CPU
		{EE78AD0B-F706-4888-A254-0C38F12C7557}.Release|Any CPU.Build.0 = Release|Any CPU
	EndGlobalSection
	GlobalSection(SolutionProperties) = preSolution
		HideSolutionNode = FALSE
	EndGlobalSection
	GlobalSection(ExtensibilityGlobals) = postSolution
		SolutionGuid = {4B574FC9-91CC-4748-89BB-71A23EE96E4D}
	EndGlobalSection
EndGlobal
